
Microsoft Visual Studio Solution File, Format Version 12.00
# Visual Studio Version 16
VisualStudioVersion = 16.0.30711.63
MinimumVisualStudioVersion = 10.0.40219.1
Project("{9A19103F-16F7-4668-BE54-9A1E7A4F7556}") = "VoteSystem.Data", "VoteSystem.Data.csproj", "{62A220F0-18E1-4BA4-85C8-F76979EAD719}"
EndProject
Project("{9A19103F-16F7-4668-BE54-9A1E7A4F7556}") = "VoteSystem.EF", "..\VoteSystem.EF\VoteSystem.EF.csproj", "{F1717FFC-C224-4A00-BA74-212E6609AAFD}"
EndProject
Global
	GlobalSection(SolutionConfigurationPlatforms) = preSolution
		Debug|Any CPU = Debug|Any CPU
		Release|Any CPU = Release|Any CPU
	EndGlobalSection
	GlobalSection(ProjectConfigurationPlatforms) = postSolution
		{62A220F0-18E1-4BA4-85C8-F76979EAD719}.Debug|Any CPU.ActiveCfg = Debug|Any CPU
		{62A220F0-18E1-4BA4-85C8-F76979EAD719}.Debug|Any CPU.Build.0 = Debug|Any CPU
		{62A220F0-18E1-4BA4-85C8-F76979EAD719}.Release|Any CPU.ActiveCfg = Release|Any CPU
		{62A220F0-18E1-4BA4-85C8-F76979EAD719}.Release|Any CPU.Build.0 = Release|Any CPU
		{F1717FFC-C224-4A00-BA74-212E6609AAFD}.Debug|Any CPU.ActiveCfg = Debug|Any CPU
		{F1717FFC-C224-4A00-BA74-212E6609AAFD}.Debug|Any CPU.Build.0 = Debug|Any CPU
		{F1717FFC-C224-4A00-BA74-212E6609AAFD}.Release|Any CPU.ActiveCfg = Release|Any CPU
		{F1717FFC-C224-4A00-BA74-212E6609AAFD}.Release|Any CPU.Build.0 = Release|Any CPU
	EndGlobalSection
	GlobalSection(SolutionProperties) = preSolution
		HideSolutionNode = FALSE
	EndGlobalSection
	GlobalSection(ExtensibilityGlobals) = postSolution
		SolutionGuid = {E1FE954B-17AA-4903-B8A1-14BEA8C1BDFA}
	EndGlobalSection
EndGlobal
